
Microsoft Visual Studio Solution File, Format Version 12.00
# Visual Studio Version 16
VisualStudioVersion = 16.0.31105.61
MinimumVisualStudioVersion = 10.0.40219.1
Project("{FAE04EC0-301F-11D3-BF4B-00C04F79EFBC}") = "testRedisSub", "testRedisSub\testRedisSub.csproj", "{1FBAB090-0306-4F65-8999-81505B587617}"
EndProject
Global
	GlobalSection(SolutionConfigurationPlatforms) = preSolution
		Debug|Any CPU = Debug|Any CPU
		Release|Any CPU = Release|Any CPU
	EndGlobalSection
	GlobalSection(ProjectConfigurationPlatforms) = postSolution
		{1FBAB090-0306-4F65-8999-81505B587617}.Debug|Any CPU.ActiveCfg = Debug|Any CPU
		{1FBAB090-0306-4F65-8999-81505B587617}.Debug|Any CPU.Build.0 = Debug|Any CPU
		{1FBAB090-0306-4F65-8999-81505B587617}.Release|Any CPU.ActiveCfg = Release|Any CPU
		{1FBAB090-0306-4F65-8999-81505B587617}.Release|Any CPU.Build.0 = Release|Any CPU
	EndGlobalSection
	GlobalSection(SolutionProperties) = preSolution
		HideSolutionNode = FALSE
	EndGlobalSection
	GlobalSection(ExtensibilityGlobals) = postSolution
		SolutionGuid = {1B4225B1-1201-4BFB-A640-E034A1D4EB42}
	EndGlobalSection
EndGlobal
